{
  "requires": true,
  "lockfileVersion": 1,
  "dependencies": {
    "gpt-3-encoder": {
      "version": "1.1.3",
      "resolved": "https://registry.npmjs.org/gpt-3-encoder/-/gpt-3-encoder-1.1.3.tgz",
      "integrity": "sha512-Ep1+I5hQ5VcLF5qKc2FyqvSj2T0Al9LNC0uXNq6Cx0Twl6Gq2RWG7Q5Mo/9Of30xcAegsgemNtuulPEiwanUww=="
    }
  }
}
